PackratFormat: 1.4
PackratVersion: 0.4.7.1
RVersion: 3.3.2
Repos: BioCsoft=https://bioconductor.org/packages/3.4/bioc,
    BioCann=https://bioconductor.org/packages/3.4/data/annotation,
    BioCexp=https://bioconductor.org/packages/3.4/data/experiment,
    BioCextra=https://bioconductor.org/packages/3.4/extra,
    CRAN=https://cran.rstudio.com/

Package: BH
Source: CRAN
Version: 1.62.0-1
Hash: 14dfb3e8ffe20996118306ff4de1fab2

Package: DBI
Source: CRAN
Version: 0.5-1
Hash: 375869004db963f9915f2b8a49b4a718

Package: DT
Source: CRAN
Version: 0.2
Hash: 36b032203797956fedad5a25055016a9
Requires: htmltools, htmlwidgets, magrittr

Package: MuMIn
Source: CRAN
Version: 1.15.6
Hash: d191dd9e1c70475a5ffe34070f7260e2

Package: PVR
Source: CRAN
Version: 0.2.1
Hash: 9497e9fda89ca40a1e6150974b0fd854
Requires: ape, splancs

Package: R.methodsS3
Source: CRAN
Version: 1.7.1
Hash: 99f841ba1614c005e6672c5fb01b352a

Package: R.oo
Source: CRAN
Version: 1.20.0
Hash: deebd0d96a7ca7fdc8cbb70e4c0f3efd
Requires: R.methodsS3

Package: R.utils
Source: CRAN
Version: 2.3.0
Hash: 68a0a8b76fef0abab4e7045c13e093c5
Requires: R.methodsS3, R.oo

Package: R6
Source: CRAN
Version: 2.2.0
Hash: 712773a3439bd32db5c40938e1a9aac2

Package: RColorBrewer
Source: CRAN
Version: 1.1-2
Hash: c0d56cd15034f395874c870141870c25

Package: Rcpp
Source: CRAN
Version: 0.12.9
Hash: 7ab41cbe74918de8de87e435ef17e92d

Package: ReporteRs
Source: CRAN
Version: 0.8.6
Hash: 029656692209e3f3b5f867b49edc1eca
Requires: R.utils, ReporteRsjars, gdtools, knitr, png, rJava, rvg,
    shiny, xml2

Package: ReporteRsjars
Source: CRAN
Version: 0.0.2
Hash: 490f7fe8366f2cae31d3ed68f2fde11b
Requires: rJava

Package: XML
Source: CRAN
Version: 3.98-1.5
Hash: 818adc834fc0a16dd4340a59d63b673a

Package: ape
Source: CRAN
Version: 4.1
Hash: 69cde77c7421c64fc49a2c610cb486be

Package: assertr
Source: CRAN
Version: 1.0.0
Hash: b08ac210ed3ca6b786ea020970c8af8b
Requires: dplyr, lazyeval

Package: assertthat
Source: CRAN
Version: 0.1
Hash: 0afb92b59b02593c70ff8046700ba9d3

Package: backports
Source: CRAN
Version: 1.0.5
Hash: 8b835bdc5447f2c76fda198e17d6bda4

Package: base64enc
Source: CRAN
Version: 0.1-3
Hash: c590d29e555926af053055e23ee79efb

Package: bitops
Source: CRAN
Version: 1.0-6
Hash: 67d0775189fd0041d95abca618c5c07e

Package: broom
Source: CRAN
Version: 0.4.2
Hash: 7ebcffa46afb467e3f3c5687946f6e1a
Requires: dplyr, plyr, psych, reshape2, stringr, tidyr

Package: caTools
Source: CRAN
Version: 1.17.1
Hash: 97cb6f6293cd18d17df77a6383cc6763
Requires: bitops

Package: classInt
Source: CRAN
Version: 0.1-23
Hash: 154e7db347e2b5cd9fefc5ecd79224c8
Requires: e1071

Package: colorspace
Source: CRAN
Version: 1.3-2
Hash: 0bf8618b585fa98eb23414cd3ab95118

Package: convertr
Source: github
Version: 0.1
Hash: 01b016f35a4c58244c916f38183568c2
Requires: DT, miniUI, rstudioapi, shiny
GithubRepo: convertr
GithubUsername: GShotwell
GithubRef: master
GithubSha1: 6ccd4782bb561ddc6925edb5cf8bb5d95339b2b7

Package: cowplot
Source: CRAN
Version: 0.6.2
Hash: 4f10686683a790c924c4d6c7ef33ed48
Requires: ggplot2, gtable, plyr

Package: curl
Source: CRAN
Version: 2.3
Hash: 9a0b969942c61511002e103f7b047b98

Package: dichromat
Source: CRAN
Version: 2.0-0
Hash: 08eed0c80510af29bb15f840ccfe37ce

Package: digest
Source: CRAN
Version: 0.6.12
Hash: e53fb8c58673df868183697e39a6a4d6

Package: dplyr
Source: CRAN
Version: 0.5.0
Hash: 884482baf4ab273f2af5e641469f9ea4
Requires: BH, DBI, R6, Rcpp, assertthat, lazyeval, magrittr, tibble

Package: e1071
Source: CRAN
Version: 1.6-8
Hash: 20320ec66d4dc608654769145b7c624a

Package: evaluate
Source: CRAN
Version: 0.10
Hash: c3601a10c987d439e0c63ec635234a76
Requires: stringr

Package: fasteraster
Source: CRAN
Version: 1.0.4
Hash: 5b54f4bd9868893c8ace6c7d1fb83194
Requires: Rcpp

Package: forcats
Source: CRAN
Version: 0.1.1
Hash: 7f93e560ba45f278e1d66df743747d2a
Requires: magrittr, tibble

Package: gdtools
Source: CRAN
Version: 0.1.3
Hash: 934cb1f0d84d77a24e72d55e39408dd5
Requires: Rcpp, withr

Package: ggplot2
Source: CRAN
Version: 2.2.1
Hash: 46e5cb78836848aa44655e577433f54b
Requires: digest, gtable, lazyeval, plyr, reshape2, scales, tibble

Package: gridExtra
Source: CRAN
Version: 2.2.1
Hash: 8f54b57d4b0598ed5b27e0eafe86a670
Requires: gtable

Package: gtable
Source: CRAN
Version: 0.2.0
Hash: cd78381a9d3fea966ac39bd0daaf5554

Package: haven
Source: CRAN
Version: 1.0.0
Hash: 56dd56c1ecab2678f509385a5149d426
Requires: BH, Rcpp, hms, readr, tibble

Package: hexbin
Source: CRAN
Version: 1.27.1
Hash: 378383b2c37556649fd6b2ee0be7e2a5

Package: highr
Source: CRAN
Version: 0.6
Hash: aa3d5b7912b5fed4b546ed5cd2a1760b

Package: hms
Source: CRAN
Version: 0.3
Hash: 3fca8a1c97e6cfb297fe3f4690f82c58

Package: htmltools
Source: CRAN
Version: 0.3.5
Hash: 6c7e3a96d9034d3ba8e6a07f7e2a333d
Requires: Rcpp, digest

Package: htmlwidgets
Source: CRAN
Version: 0.8
Hash: e7a3c80acddc2412f96d616949e40bb8
Requires: htmltools, jsonlite, yaml

Package: httpuv
Source: CRAN
Version: 1.3.3
Hash: d73b1fc4f52d1179ff24f12f49eb6121
Requires: Rcpp

Package: httr
Source: github
Version: 1.2.1.9000
Hash: 8ab85e314e3f8c1e6414437f6b2ea4e5
Requires: R6, curl, jsonlite, mime, openssl
GithubRepo: httr
GithubUsername: gaborcsardi
GithubRef: callback
GithubSha1: 30001d4229d44309c9f1c60694ecfbb5d7189fc0

Package: jsonlite
Source: CRAN
Version: 1.2
Hash: 3a193a612cae6814719ed523f7e7cf44

Package: knitr
Source: CRAN
Version: 1.15.1
Hash: eed7437e2b614c9e3923b7932b16ac97
Requires: digest, evaluate, highr, markdown, stringr, yaml

Package: labeling
Source: CRAN
Version: 0.3
Hash: ecf589b42cd284b03a4beb9665482d3e

Package: latticeExtra
Source: CRAN
Version: 0.6-26
Hash: 07a60e9d5b59ddac85b9c26cd81867ca
Requires: RColorBrewer

Package: lazyeval
Source: CRAN
Version: 0.2.0
Hash: 3d6e7608e65bbf5cb170dab1e3c9ed8b

Package: lubridate
Source: CRAN
Version: 1.6.0
Hash: b90f4cbefe0b3c545dd68b22c66a8a12
Requires: stringr

Package: magick
Source: github
Version: 0.3.9000
Hash: 778ddb849e5d498a8527a88ce0ddadfc
Requires: Rcpp, curl
GithubRepo: magick
GithubUsername: ropensci
GithubRef: master
GithubSha1: da0794237d73f2a23b948e58846dd09411140cd9

Package: magrittr
Source: CRAN
Version: 1.5
Hash: bdc4d48c3135e8f3b399536ddf160df4

Package: maptools
Source: CRAN
Version: 0.9-1
Hash: 83f3d35117ea974a0cdc0144e6340261
Requires: sp

Package: markdown
Source: CRAN
Version: 0.7.7
Hash: fea2343a1119d61b0cc5c0a950d103a3
Requires: mime

Package: mime
Source: CRAN
Version: 0.5
Hash: 463550cf44fb6f0a2359368f42eebe62

Package: miniUI
Source: CRAN
Version: 0.1.1
Hash: e85626581f80b1fe6c92a96ec348efc5
Requires: htmltools, shiny

Package: mnormt
Source: CRAN
Version: 1.5-5
Hash: d0d5efbb1fb26d2dc5f9394c223084b5

Package: modelr
Source: CRAN
Version: 0.1.0
Hash: 7c9848bf4d734f38b8ce91022d8de949
Requires: broom, dplyr, lazyeval, magrittr, purrr, tibble, tidyr

Package: munsell
Source: CRAN
Version: 0.4.3
Hash: f96d896947fcaf9b6d0074002e9f4f9d
Requires: colorspace

Package: noamtools
Source: github
Version: 0.1
Hash: 605c5a1fef171ac8c4b79d787ccaeec8
Requires: ggplot2, plyr, stringi, yaml
GithubRepo: noamtools
GithubUsername: noamross
GithubRef: master
GithubSha1: 71e7911797f3c3944399a334354e4e87fe3b43d6

Package: openssl
Source: CRAN
Version: 0.9.6
Hash: 5f4711e142a44655dfea4d64fcf2f641

Package: packrat
Source: CRAN
Version: 0.4.7-1
Hash: 16ca16d36eb18d1d16113606ecc5c400

Package: pheatmap
Source: CRAN
Version: 1.0.8
Hash: e62f5cccb5a8dd4cb0fba74834b4af32
Requires: RColorBrewer, gtable, scales

Package: plyr
Source: CRAN
Version: 1.8.4
Hash: ce3897d2ea6dabdb2c0a217b25f5fe99
Requires: Rcpp

Package: png
Source: CRAN
Version: 0.1-7
Hash: 421d7d6e0fb4bd885ecbd909b6456b8b

Package: psych
Source: CRAN
Version: 1.6.12
Hash: 9d4b62cad4b931e1726cb0b0a9bc55fe
Requires: mnormt

Package: purrr
Source: CRAN
Version: 0.2.2
Hash: e06b50a541f3a0965edd8e8533ff28ac
Requires: BH, Rcpp, dplyr, lazyeval, magrittr

Package: rJava
Source: CRAN
Version: 0.9-6
Hash: 9dbbee37bd08546ea0ed6d3dab821952

Package: raster
Source: CRAN
Version: 2.5-8
Hash: cab4d071908e672aca4dbd776361eea5
Requires: Rcpp, sp

Package: rasterVis
Source: CRAN
Version: 0.41
Hash: 64336f3e06daf248edfae070510dd555
Requires: RColorBrewer, hexbin, latticeExtra, raster, sp, viridisLite,
    zoo

Package: readr
Source: CRAN
Version: 1.0.0
Hash: 0c188164192ddfd595c8d6b4812a89ff
Requires: BH, R6, Rcpp, curl, hms, tibble

Package: readxl
Source: CRAN
Version: 0.1.1
Hash: c78061ad4f05570e183538154ff2ada0
Requires: Rcpp

Package: reshape
Source: CRAN
Version: 0.8.5
Hash: 08a3fc774cceaaec54edea9e9687a6c5
Requires: plyr

Package: reshape2
Source: CRAN
Version: 1.4.2
Hash: 85d9947f8a5e187dff7f18265b96cb13
Requires: Rcpp, plyr, stringr

Package: rgdal
Source: CRAN
Version: 1.2-5
Hash: 2833eb89d8c3fe89f08c49069896a323
Requires: sp

Package: rgeos
Source: CRAN
Version: 0.3-22
Hash: 93b7dc8120b2bddc142e2f948207e9cf
Requires: sp

Package: rmarkdown
Source: github
Version: 1.3.9002
Hash: c7346167e12af223b5e788b28b73e77b
Requires: base64enc, caTools, evaluate, htmltools, jsonlite, knitr,
    rprojroot, yaml
GithubRepo: rmarkdown
GithubUsername: rstudio
GithubRef: master
GithubSha1: c4908dc4311a9c9bda3b32d6aeec319ab61f9f66

Package: rprojroot
Source: CRAN
Version: 1.2
Hash: fdcac51a7f47decd60556ceefc3c26b1
Requires: backports

Package: rstudioapi
Source: CRAN
Version: 0.6
Hash: fd256f8bfb9a64cc35f98b0decb1a79f

Package: rvest
Source: CRAN
Version: 0.3.1
Hash: fe56cb14eeffedcc0350cb88cc42a8b4
Requires: httr, magrittr, selectr, xml2

Package: rvg
Source: CRAN
Version: 0.1.0
Hash: 801b5623403597797c1713efd24b3cad
Requires: R.utils, Rcpp, gdtools, xml2

Package: scales
Source: CRAN
Version: 0.4.1
Hash: bc8d2233a63b068b0f60b18303d60c55
Requires: RColorBrewer, Rcpp, dichromat, labeling, munsell, plyr

Package: selectr
Source: CRAN
Version: 0.2-3
Hash: a5d1ba4a21c2a7ab66c21779ae26da84
Requires: XML, stringr

Package: shiny
Source: CRAN
Version: 0.13.2
Hash: 28d6903a44dc53bd4823fa43ccdc08e5
Requires: R6, digest, htmltools, httpuv, jsonlite, mime, xtable

Package: sp
Source: CRAN
Version: 1.2-4
Hash: 4ffcf86fffee89e7b859f760528dd545

Package: splancs
Source: CRAN
Version: 2.01-39
Hash: ac73779a9c55888538d4c8f5b2b79fcb
Requires: sp

Package: stringi
Source: CRAN
Version: 1.1.2
Hash: 1ad6b1cc11d982ac233bf2fa2f7c9684

Package: stringr
Source: CRAN
Version: 1.2.0
Hash: 25a86d7f410513ebb7c0bc6a5e16bdc3
Requires: magrittr, stringi

Package: svglite
Source: github
Version: 1.2.0.9001
Hash: cbcc0978c25cacc627b5bb9deec63f1d
Requires: BH, Rcpp, gdtools
GithubRepo: svglite
GithubUsername: hadley
GithubRef: master
GithubSha1: 01138439ba03841a1e661842318fc81762c44e61

Package: tibble
Source: CRAN
Version: 1.2
Hash: 3857905737a164648031462bed6aa2ef
Requires: Rcpp, assertthat, lazyeval

Package: tidyr
Source: CRAN
Version: 0.6.1
Hash: 304887c13ceb691ff8bd5560c62b271a
Requires: Rcpp, dplyr, lazyeval, magrittr, stringi, tibble

Package: tidyverse
Source: CRAN
Version: 1.0.0
Hash: 7adbfd73ba78f6c97f54e45df607850a
Requires: DBI, broom, dplyr, forcats, ggplot2, haven, hms, httr,
    jsonlite, lubridate, magrittr, modelr, purrr, readr, readxl, rvest,
    stringr, tibble, tidyr, xml2

Package: viridis
Source: CRAN
Version: 0.3.4
Hash: c98cc0ee11a389f397c38ddb3762880c
Requires: ggplot2, gridExtra

Package: viridisLite
Source: CRAN
Version: 0.1.3
Hash: d16a33135b1f4c8818b8cd569da3913f

Package: withr
Source: CRAN
Version: 1.0.2
Hash: 774eb7be9087cdc24b53b74e5359cfac

Package: xml2
Source: github
Version: 1.1.1
Hash: e51d17b640dce0f99788c4563d15c975
Requires: BH, Rcpp
GithubRepo: xml2
GithubUsername: hadley
GithubRef: master
GithubSha1: c84db5e12d5e23847061caa8ac5dfacb867aa690

Package: xtable
Source: CRAN
Version: 1.8-2
Hash: 7293235cfcc14cdff1ce7fd1a0212031

Package: yaml
Source: CRAN
Version: 2.1.14
Hash: c81230c3a7d9ba20607ad6b4331173d1

Package: zoo
Source: CRAN
Version: 1.7-12
Hash: 8ce4a89536cba4fa6023190959de5658
